<?xml version="1.0" encoding="UTF-8"?>
<Scheme
   LastUpgradeVersion = "1010"
   version = "1.3">
   <BuildAction
      parallelizeBuildables = "YES"
      buildImplicitDependencies = "YES">
      <BuildActionEntries>
         <BuildActionEntry
            buildForTesting = "YES"
            buildForRunning = "YES"
            buildForProfiling = "YES"
            buildForArchiving = "YES"
            buildForAnalyzing = "YES">
            <BuildableReference
               BuildableIdentifier = "primary"
               BlueprintIdentifier = "29D994C8235830E000AA7DCE"
               BuildableName = "glview"
               BlueprintName = "glview"
               ReferencedContainer = "container:glview.xcodeproj">
            </BuildableReference>
         </BuildActionEntry>
      </BuildActionEntries>
   </BuildAction>
   <TestAction
      buildConfiguration = "Debug"
      selectedDebuggerIdentifier = "Xcode.DebuggerFoundation.Debugger.LLDB"
      selectedLauncherIdentifier = "Xcode.DebuggerFoundation.Launcher.LLDB"
      shouldUseLaunchSchemeArgsEnv = "YES">
      <Testables>
      </Testables>
      <MacroExpansion>
         <BuildableReference
            BuildableIdentifier = "primary"
            BlueprintIdentifier = "29D994C8235830E000AA7DCE"
            BuildableName = "glview"
            BlueprintName = "glview"
            ReferencedContainer = "container:glview.xcodeproj">
         </BuildableReference>
      </MacroExpansion>
      <AdditionalOptions>
      </AdditionalOptions>
   </TestAction>
   <LaunchAction
      buildConfiguration = "Debug"
      selectedDebuggerIdentifier = "Xcode.DebuggerFoundation.Debugger.LLDB"
      selectedLauncherIdentifier = "Xcode.DebuggerFoundation.Launcher.LLDB"
      launchStyle = "0"
      useCustomWorkingDirectory = "NO"
      ignoresPersistentStateOnLaunch = "NO"
      debugDocumentVersioning = "YES"
      debugServiceExtension = "internal"
      enableGPUFrameCaptureMode = "3"
      enableGPUValidationMode = "1"
      allowLocationSimulation = "YES">
      <BuildableProductRunnable
         runnableDebuggingMode = "0">
         <BuildableReference
            BuildableIdentifier = "primary"
            BlueprintIdentifier = "29D994C8235830E000AA7DCE"
            BuildableName = "glview"
            BlueprintName = "glview"
            ReferencedContainer = "container:glview.xcodeproj">
         </BuildableReference>
      </BuildableProductRunnable>
      <CommandLineArguments>
         <CommandLineArgument
            argument = "/Developer/src/USD-up/pxr/usdImaging/bin/testusdview/testenv/testUsdviewRenderMode/test.usda"
            isEnabled = "NO">
         </CommandLineArgument>
         <CommandLineArgument
            argument = "/Developer/build/switch/board.usda"
            isEnabled = "NO">
         </CommandLineArgument>
         <CommandLineArgument
            argument = "/Users/jermainedupris/Downloads/LOPS_DEMO_FILES/Library/Assets/Books/Books.usd"
            isEnabled = "NO">
         </CommandLineArgument>
         <CommandLineArgument
            argument = "/Developer/build/simpleShading.usda"
            isEnabled = "NO">
         </CommandLineArgument>
         <CommandLineArgument
            argument = "/Developer/src/OpenVDB/GLViewer/test.usda"
            isEnabled = "YES">
         </CommandLineArgument>
         <CommandLineArgument
            argument = "/Users/jermainedupris/Downloads/Kitchen_set/Kitchen_set.usd"
            isEnabled = "NO">
         </CommandLineArgument>
         <CommandLineArgument
            argument = "/Users/jermainedupris/Downloads/Kitchen_set_orig/Kitchen_set.usd"
            isEnabled = "NO">
         </CommandLineArgument>
         <CommandLineArgument
            argument = "/Users/jermainedupris/Downloads/Kitchen_set_orig/KitchenSetMaya.usd"
            isEnabled = "NO">
         </CommandLineArgument>
         <CommandLineArgument
            argument = "/Users/jermainedupris/Downloads/Kitchen_set/KitchenFromMaya.usd"
            isEnabled = "NO">
         </CommandLineArgument>
         <CommandLineArgument
            argument = "/Users/jermainedupris/Downloads/Kitchen_set/assets/ShellLarge/ShellLarge.geom.usda"
            isEnabled = "NO">
         </CommandLineArgument>
         <CommandLineArgument
            argument = "/Users/jermainedupris/Downloads/Kitchen_set/Shell.usda"
            isEnabled = "NO">
         </CommandLineArgument>
      </CommandLineArguments>
      <EnvironmentVariables>
         <EnvironmentVariable
            key = "QT_SCALE_FACTOR"
            value = "0.5"
            isEnabled = "NO">
         </EnvironmentVariable>
         <EnvironmentVariable
            key = "QT_MAC_WANTS_BEST_RESOLUTION_OPENGL_SURFACE"
            value = "0"
            isEnabled = "NO">
         </EnvironmentVariable>
         <EnvironmentVariable
            key = "USDIMAGING_ENABLE_SHARED_XFORM_CACHE"
            value = "0"
            isEnabled = "NO">
         </EnvironmentVariable>
         <EnvironmentVariable
            key = "NSHighResolutionCapable"
            value = "0"
            isEnabled = "NO">
         </EnvironmentVariable>
         <EnvironmentVariable
            key = "HDST_DUMP_FAILING_SHADER_SOURCE"
            value = "1"
            isEnabled = "NO">
         </EnvironmentVariable>
         <EnvironmentVariable
            key = "QT_PLUGIN_PATH"
            value = "/Developer/build/buildbot/plugins"
            isEnabled = "YES">
         </EnvironmentVariable>
         <EnvironmentVariable
            key = "RMANTREE"
            value = "/Applications/Pixar/RenderManProServer-22.5"
            isEnabled = "YES">
         </EnvironmentVariable>
         <EnvironmentVariable
            key = "DYLD_FALLBACK_LIBRARY_PATH"
            value = "${USD_ROOT}/lib:/Developer/build/buildbot/lib"
            isEnabled = "YES">
         </EnvironmentVariable>
      </EnvironmentVariables>
      <AdditionalOptions>
      </AdditionalOptions>
   </LaunchAction>
   <ProfileAction
      buildConfiguration = "Release"
      shouldUseLaunchSchemeArgsEnv = "YES"
      savedToolIdentifier = ""
      useCustomWorkingDirectory = "NO"
      debugDocumentVersioning = "YES">
      <BuildableProductRunnable
         runnableDebuggingMode = "0">
         <BuildableReference
            BuildableIdentifier = "primary"
            BlueprintIdentifier = "29D994C8235830E000AA7DCE"
            BuildableName = "glview"
            BlueprintName = "glview"
            ReferencedContainer = "container:glview.xcodeproj">
         </BuildableReference>
      </BuildableProductRunnable>
   </ProfileAction>
   <AnalyzeAction
      buildConfiguration = "Debug">
   </AnalyzeAction>
   <ArchiveAction
      buildConfiguration = "Release"
      revealArchiveInOrganizer = "YES">
   </ArchiveAction>
</Scheme>
